
Microsoft Visual Studio Solution File, Format Version 12.00
# Visual Studio Version 16
VisualStudioVersion = 16.0.31729.503
MinimumVisualStudioVersion = 10.0.40219.1
Project("{FAE04EC0-301F-11D3-BF4B-00C04F79EFBC}") = "WindowsFormsApp1", "WindowsFormsApp1.csproj", "{CEBAA608-EE3E-445A-AF9D-97A0033C596B}"
EndProject
Global
	GlobalSection(SolutionConfigurationPlatforms) = preSolution
		Debug|Any CPU = Debug|Any CPU
		Release|Any CPU = Release|Any CPU
	EndGlobalSection
	GlobalSection(ProjectConfigurationPlatforms) = postSolution
		{CEBAA608-EE3E-445A-AF9D-97A0033C596B}.Debug|Any CPU.ActiveCfg = Debug|Any CPU
		{CEBAA608-EE3E-445A-AF9D-97A0033C596B}.Debug|Any CPU.Build.0 = Debug|Any CPU
		{CEBAA608-EE3E-445A-AF9D-97A0033C596B}.Release|Any CPU.ActiveCfg = Release|Any CPU
		{CEBAA608-EE3E-445A-AF9D-97A0033C596B}.Release|Any CPU.Build.0 = Release|Any CPU
	EndGlobalSection
	GlobalSection(SolutionProperties) = preSolution
		HideSolutionNode = FALSE
	EndGlobalSection
	GlobalSection(ExtensibilityGlobals) = postSolution
		SolutionGuid = {BD97FED2-6A5D-43C8-9390-839C890529D8}
	EndGlobalSection
EndGlobal
