
Microsoft Visual Studio Solution File, Format Version 12.00
# Visual Studio Version 16
VisualStudioVersion = 16.0.31729.503
MinimumVisualStudioVersion = 10.0.40219.1
Project("{FAE04EC0-301F-11D3-BF4B-00C04F79EFBC}") = "STUDENT GRADE ALLOCATION MOD", "STUDENT GRADE ALLOCATION MOD.csproj", "{BEFEA3DF-FD60-4C9B-98CB-86AA05DEC511}"
EndProject
Global
	GlobalSection(SolutionConfigurationPlatforms) = preSolution
		Debug|Any CPU = Debug|Any CPU
		Release|Any CPU = Release|Any CPU
	EndGlobalSection
	GlobalSection(ProjectConfigurationPlatforms) = postSolution
		{BEFEA3DF-FD60-4C9B-98CB-86AA05DEC511}.Debug|Any CPU.ActiveCfg = Debug|Any CPU
		{BEFEA3DF-FD60-4C9B-98CB-86AA05DEC511}.Debug|Any CPU.Build.0 = Debug|Any CPU
		{BEFEA3DF-FD60-4C9B-98CB-86AA05DEC511}.Release|Any CPU.ActiveCfg = Release|Any CPU
		{BEFEA3DF-FD60-4C9B-98CB-86AA05DEC511}.Release|Any CPU.Build.0 = Release|Any CPU
	EndGlobalSection
	GlobalSection(SolutionProperties) = preSolution
		HideSolutionNode = FALSE
	EndGlobalSection
	GlobalSection(ExtensibilityGlobals) = postSolution
		SolutionGuid = {F98E486A-9A51-442C-A2BA-207EE324D509}
	EndGlobalSection
EndGlobal
